
Microsoft Visual Studio Solution File, Format Version 12.00
# Visual Studio Version 17
VisualStudioVersion = 17.11.35222.181
MinimumVisualStudioVersion = 10.0.40219.1
Project("{FAE04EC0-301F-11D3-BF4B-00C04F79EFBC}") = "MazeAdventure Project", "MazeAdventure Project\MazeAdventure Project.csproj", "{AF50D1FB-98FF-42B7-9AB8-580E3C1EF737}"
EndProject
Global
	GlobalSection(SolutionConfigurationPlatforms) = preSolution
		Debug|Any CPU = Debug|Any CPU
		Release|Any CPU = Release|Any CPU
	EndGlobalSection
	GlobalSection(ProjectConfigurationPlatforms) = postSolution
		{AF50D1FB-98FF-42B7-9AB8-580E3C1EF737}.Debug|Any CPU.ActiveCfg = Debug|Any CPU
		{AF50D1FB-98FF-42B7-9AB8-580E3C1EF737}.Debug|Any CPU.Build.0 = Debug|Any CPU
		{AF50D1FB-98FF-42B7-9AB8-580E3C1EF737}.Release|Any CPU.ActiveCfg = Release|Any CPU
		{AF50D1FB-98FF-42B7-9AB8-580E3C1EF737}.Release|Any CPU.Build.0 = Release|Any CPU
	EndGlobalSection
	GlobalSection(SolutionProperties) = preSolution
		HideSolutionNode = FALSE
	EndGlobalSection
	GlobalSection(ExtensibilityGlobals) = postSolution
		SolutionGuid = {5D06275E-35DC-48F2-BF06-B52A9EEA2D44}
	EndGlobalSection
EndGlobal
